# This file is autogenerated, do not edit; changes may be undone by the next 'dep ensure'.


[[projects]]
  name = "github.com/PuerkitoBio/goquery"
  packages = ["."]
  revision = "e1271ee34c6a305e38566ecd27ae374944907ee9"
  version = "v1.1.0"

[[projects]]
  branch = "master"
  name = "github.com/andybalholm/cascadia"
  packages = ["."]
  revision = "349dd0209470eabd9514242c688c403c0926d266"

[[projects]]
  name = "github.com/headzoo/surf"
  packages = [
    "agent",
    "browser",
    "errors",
    "jar",
    "util"
  ]
  revision = "60198774ccce43e1d26c80e961497b7d262460b3"
  version = "v1.0.0"

[[projects]]
  name = "github.com/mattn/go-runewidth"
  packages = ["."]
  revision = "9e777a8366cce605130a531d2cd6363d07ad7317"
  version = "v0.0.2"

[[projects]]
  branch = "master"
  name = "github.com/olekukonko/tablewriter"
  packages = ["."]
  revision = "65fec0d89a572b4367094e2058d3ebe667de3b60"

[[projects]]
  branch = "master"
  name = "golang.org/x/net"
  packages = [
    "html",
    "html/atom"
  ]
  revision = "d866cfc389cec985d6fda2859936a575a55a3ab6"

[[projects]]
  branch = "master"
  name = "golang.org/x/text"
  packages = [
    "encoding",
    "encoding/internal",
    "encoding/internal/identifier",
    "encoding/japanese",
    "feature/plural",
    "internal",
    "internal/catmsg",
    "internal/format",
    "internal/gen",
    "internal/number",
    "internal/stringset",
    "internal/tag",
    "language",
    "message",
    "message/catalog",
    "transform",
    "unicode/cldr"
  ]
  revision = "e19ae1496984b1c655b8044a65c0300a3c878dd3"

[[projects]]
  name = "gopkg.in/headzoo/surf.v1"
  packages = ["."]
  revision = "60198774ccce43e1d26c80e961497b7d262460b3"
  version = "v1.0.0"

[solve-meta]
  analyzer-name = "dep"
  analyzer-version = 1
  inputs-digest = "923cc1edc3e34b4e4cf900c91557a27b151468c33c3df0462c95853054507ddd"
  solver-name = "gps-cdcl"
  solver-version = 1
